
Microsoft Visual Studio Solution File, Format Version 11.00
# Visual Studio 2010
Project("{FAE04EC0-301F-11D3-BF4B-00C04F79EFBC}") = "Assembly-CSharp", "Assembly-CSharp.csproj", "{8adbd6fe-110e-799f-5794-26ec9ea63d24}"
EndProject
Project("{FAE04EC0-301F-11D3-BF4B-00C04F79EFBC}") = "AstarPathfindingProject", "AstarPathfindingProject.csproj", "{14b9766e-84c8-8378-0ab0-4a167efd1463}"
EndProject
Project("{FAE04EC0-301F-11D3-BF4B-00C04F79EFBC}") = "AstarPathfindingProjectEditor", "AstarPathfindingProjectEditor.csproj", "{d24967e9-0a0d-6474-515c-a8ce4937a2bc}"
EndProject
Project("{FAE04EC0-301F-11D3-BF4B-00C04F79EFBC}") = "PackageToolsEditor", "PackageToolsEditor.csproj", "{8c222676-1648-74ee-10ce-59c67fa7fe69}"
EndProject
Global
	GlobalSection(SolutionConfigurationPlatforms) = preSolution
		Debug|Any CPU = Debug|Any CPU
		Release|Any CPU = Release|Any CPU
	EndGlobalSection
	GlobalSection(ProjectConfigurationPlatforms) = postSolution
		{8adbd6fe-110e-799f-5794-26ec9ea63d24}.Debug|Any CPU.ActiveCfg = Debug|Any CPU
		{8adbd6fe-110e-799f-5794-26ec9ea63d24}.Debug|Any CPU.Build.0 = Debug|Any CPU
		{8adbd6fe-110e-799f-5794-26ec9ea63d24}.Release|Any CPU.ActiveCfg = Release|Any CPU
		{8adbd6fe-110e-799f-5794-26ec9ea63d24}.Release|Any CPU.Build.0 = Release|Any CPU
		{14b9766e-84c8-8378-0ab0-4a167efd1463}.Debug|Any CPU.ActiveCfg = Debug|Any CPU
		{14b9766e-84c8-8378-0ab0-4a167efd1463}.Debug|Any CPU.Build.0 = Debug|Any CPU
		{14b9766e-84c8-8378-0ab0-4a167efd1463}.Release|Any CPU.ActiveCfg = Release|Any CPU
		{14b9766e-84c8-8378-0ab0-4a167efd1463}.Release|Any CPU.Build.0 = Release|Any CPU
		{d24967e9-0a0d-6474-515c-a8ce4937a2bc}.Debug|Any CPU.ActiveCfg = Debug|Any CPU
		{d24967e9-0a0d-6474-515c-a8ce4937a2bc}.Debug|Any CPU.Build.0 = Debug|Any CPU
		{d24967e9-0a0d-6474-515c-a8ce4937a2bc}.Release|Any CPU.ActiveCfg = Release|Any CPU
		{d24967e9-0a0d-6474-515c-a8ce4937a2bc}.Release|Any CPU.Build.0 = Release|Any CPU
		{8c222676-1648-74ee-10ce-59c67fa7fe69}.Debug|Any CPU.ActiveCfg = Debug|Any CPU
		{8c222676-1648-74ee-10ce-59c67fa7fe69}.Debug|Any CPU.Build.0 = Debug|Any CPU
		{8c222676-1648-74ee-10ce-59c67fa7fe69}.Release|Any CPU.ActiveCfg = Release|Any CPU
		{8c222676-1648-74ee-10ce-59c67fa7fe69}.Release|Any CPU.Build.0 = Release|Any CPU
	EndGlobalSection
	GlobalSection(SolutionProperties) = preSolution
		HideSolutionNode = FALSE
	EndGlobalSection
EndGlobal
